
Microsoft Visual Studio Solution File, Format Version 12.00
# Visual Studio Version 16
VisualStudioVersion = 16.0.33423.256
MinimumVisualStudioVersion = 10.0.40219.1
Project("{FAE04EC0-301F-11D3-BF4B-00C04F79EFBC}") = "HelloWord", "HelloWord\HelloWord.csproj", "{F7BDA7B4-9779-458D-AA6B-530F4FE1B08F}"
EndProject
Global
	GlobalSection(SolutionConfigurationPlatforms) = preSolution
		Debug|Any CPU = Debug|Any CPU
		Release|Any CPU = Release|Any CPU
	EndGlobalSection
	GlobalSection(ProjectConfigurationPlatforms) = postSolution
		{F7BDA7B4-9779-458D-AA6B-530F4FE1B08F}.Debug|Any CPU.ActiveCfg = Debug|Any CPU
		{F7BDA7B4-9779-458D-AA6B-530F4FE1B08F}.Debug|Any CPU.Build.0 = Debug|Any CPU
		{F7BDA7B4-9779-458D-AA6B-530F4FE1B08F}.Release|Any CPU.ActiveCfg = Release|Any CPU
		{F7BDA7B4-9779-458D-AA6B-530F4FE1B08F}.Release|Any CPU.Build.0 = Release|Any CPU
	EndGlobalSection
	GlobalSection(SolutionProperties) = preSolution
		HideSolutionNode = FALSE
	EndGlobalSection
	GlobalSection(ExtensibilityGlobals) = postSolution
		SolutionGuid = {34F3AB5C-4E36-4C56-B074-605666E31D77}
	EndGlobalSection
EndGlobal
